
Microsoft Visual Studio Solution File, Format Version 12.00
# Visual Studio 2012
Project("{FAE04EC0-301F-11D3-BF4B-00C04F79EFBC}") = "Infor.OAuth2SampleConsoleResourceOwner", "Infor.OAuth2SampleConsoleResourceOwner\Infor.OAuth2SampleConsoleResourceOwner.csproj", "{AC2072A7-A249-495A-83FB-DD924B342001}"
EndProject
Project("{FAE04EC0-301F-11D3-BF4B-00C04F79EFBC}") = "Infor.OAuth2SampleWPFAuthCode", "Infor.OAuth2SampleWPFAuthCode\Infor.OAuth2SampleWPFAuthCode.csproj", "{46222A64-2D19-40F4-A564-450FF1A1A5C1}"
EndProject
Global
	GlobalSection(SolutionConfigurationPlatforms) = preSolution
		Debug|Any CPU = Debug|Any CPU
		Release|Any CPU = Release|Any CPU
	EndGlobalSection
	GlobalSection(ProjectConfigurationPlatforms) = postSolution
		{AC2072A7-A249-495A-83FB-DD924B342001}.Debug|Any CPU.ActiveCfg = Debug|Any CPU
		{AC2072A7-A249-495A-83FB-DD924B342001}.Debug|Any CPU.Build.0 = Debug|Any CPU
		{AC2072A7-A249-495A-83FB-DD924B342001}.Release|Any CPU.ActiveCfg = Release|Any CPU
		{AC2072A7-A249-495A-83FB-DD924B342001}.Release|Any CPU.Build.0 = Release|Any CPU
		{46222A64-2D19-40F4-A564-450FF1A1A5C1}.Debug|Any CPU.ActiveCfg = Debug|Any CPU
		{46222A64-2D19-40F4-A564-450FF1A1A5C1}.Debug|Any CPU.Build.0 = Debug|Any CPU
		{46222A64-2D19-40F4-A564-450FF1A1A5C1}.Release|Any CPU.ActiveCfg = Release|Any CPU
		{46222A64-2D19-40F4-A564-450FF1A1A5C1}.Release|Any CPU.Build.0 = Release|Any CPU
	EndGlobalSection
	GlobalSection(SolutionProperties) = preSolution
		HideSolutionNode = FALSE
	EndGlobalSection
EndGlobal
